
Microsoft Visual Studio Solution File, Format Version 12.00
# Visual Studio Version 17
VisualStudioVersion = 17.14.36109.1 d17.14
MinimumVisualStudioVersion = 10.0.40219.1
Project("{FAE04EC0-301F-11D3-BF4B-00C04F79EFBC}") = "Exercicio2", "Exercicio2\Exercicio2.csproj", "{0D1EE392-6A1D-4B50-9188-D7D4649376D7}"
EndProject
Global
	GlobalSection(SolutionConfigurationPlatforms) = preSolution
		Debug|Any CPU = Debug|Any CPU
		Release|Any CPU = Release|Any CPU
	EndGlobalSection
	GlobalSection(ProjectConfigurationPlatforms) = postSolution
		{0D1EE392-6A1D-4B50-9188-D7D4649376D7}.Debug|Any CPU.ActiveCfg = Debug|Any CPU
		{0D1EE392-6A1D-4B50-9188-D7D4649376D7}.Debug|Any CPU.Build.0 = Debug|Any CPU
		{0D1EE392-6A1D-4B50-9188-D7D4649376D7}.Release|Any CPU.ActiveCfg = Release|Any CPU
		{0D1EE392-6A1D-4B50-9188-D7D4649376D7}.Release|Any CPU.Build.0 = Release|Any CPU
	EndGlobalSection
	GlobalSection(SolutionProperties) = preSolution
		HideSolutionNode = FALSE
	EndGlobalSection
	GlobalSection(ExtensibilityGlobals) = postSolution
		SolutionGuid = {633DE403-023C-4C32-A346-3F34E8540A60}
	EndGlobalSection
EndGlobal
